
Microsoft Visual Studio Solution File, Format Version 12.00
# Visual Studio Version 17
VisualStudioVersion = 17.6.33723.286
MinimumVisualStudioVersion = 10.0.40219.1
Project("{FAE04EC0-301F-11D3-BF4B-00C04F79EFBC}") = "AnimalNotebook", "AnimalNotebook.csproj", "{BC3128BF-22BE-4350-93F1-247C68AA2F66}"
EndProject
Global
	GlobalSection(SolutionConfigurationPlatforms) = preSolution
		Debug|Any CPU = Debug|Any CPU
		Release|Any CPU = Release|Any CPU
	EndGlobalSection
	GlobalSection(ProjectConfigurationPlatforms) = postSolution
		{BC3128BF-22BE-4350-93F1-247C68AA2F66}.Debug|Any CPU.ActiveCfg = Debug|Any CPU
		{BC3128BF-22BE-4350-93F1-247C68AA2F66}.Debug|Any CPU.Build.0 = Debug|Any CPU
		{BC3128BF-22BE-4350-93F1-247C68AA2F66}.Release|Any CPU.ActiveCfg = Release|Any CPU
		{BC3128BF-22BE-4350-93F1-247C68AA2F66}.Release|Any CPU.Build.0 = Release|Any CPU
	EndGlobalSection
	GlobalSection(SolutionProperties) = preSolution
		HideSolutionNode = FALSE
	EndGlobalSection
	GlobalSection(ExtensibilityGlobals) = postSolution
		SolutionGuid = {FE9D3C09-5F51-4BDC-B1F3-2E1CC36CC70C}
	EndGlobalSection
EndGlobal
